// !$*UTF8*$!
{
	archiveVersion = 1;
	classes = {
	};
	objectVersion = 56;
	objects = {

/* Begin PBXBuildFile section */
		725B78C729A9BEB20028942F /* CSTVDataLoadingViewController.swift in Sources */ = {isa = PBXBuildFile; fileRef = 725B78C629A9BEB20028942F /* CSTVDataLoadingViewController.swift */; };
		725B78CB29A9BECE0028942F /* MatchScheduleView.swift in Sources */ = {isa = PBXBuildFile; fileRef = 725B78C829A9BECE0028942F /* MatchScheduleView.swift */; };
		725B78CC29A9BECE0028942F /* OpposingTeamsView.swift in Sources */ = {isa = PBXBuildFile; fileRef = 725B78C929A9BECE0028942F /* OpposingTeamsView.swift */; };
		725B78CD29A9BECE0028942F /* CSTVEmptyStateView.swift in Sources */ = {isa = PBXBuildFile; fileRef = 725B78CA29A9BECE0028942F /* CSTVEmptyStateView.swift */; };
		725B78CF29A9BEF50028942F /* CSTVBackButton.swift in Sources */ = {isa = PBXBuildFile; fileRef = 725B78CE29A9BEF50028942F /* CSTVBackButton.swift */; };
		725B78D429A9BFEA0028942F /* SplashViewController.swift in Sources */ = {isa = PBXBuildFile; fileRef = 725B78D329A9BFEA0028942F /* SplashViewController.swift */; };
		725B78D629A9C00D0028942F /* MainScreenViewController.swift in Sources */ = {isa = PBXBuildFile; fileRef = 725B78D529A9C00D0028942F /* MainScreenViewController.swift */; };
		725B78DC29A9C05C0028942F /* MatchesCell.swift in Sources */ = {isa = PBXBuildFile; fileRef = 725B78DA29A9C05C0028942F /* MatchesCell.swift */; };
		725B78DD29A9C05C0028942F /* MatchesView.swift in Sources */ = {isa = PBXBuildFile; fileRef = 725B78DB29A9C05C0028942F /* MatchesView.swift */; };
		725B78DF29A9C0A40028942F /* MatchDetailViewController.swift in Sources */ = {isa = PBXBuildFile; fileRef = 725B78DE29A9C0A40028942F /* MatchDetailViewController.swift */; };
		725B78E429A9C0D50028942F /* FirstTeamLineUpView.swift in Sources */ = {isa = PBXBuildFile; fileRef = 725B78E129A9C0D50028942F /* FirstTeamLineUpView.swift */; };
		725B78E529A9C0D50028942F /* SecondTeamLineUpView.swift in Sources */ = {isa = PBXBuildFile; fileRef = 725B78E229A9C0D50028942F /* SecondTeamLineUpView.swift */; };
		725B78E629A9C0D50028942F /* TeamLineUpCell.swift in Sources */ = {isa = PBXBuildFile; fileRef = 725B78E329A9C0D50028942F /* TeamLineUpCell.swift */; };
		725B78E929AA3FA50028942F /* Matches.swift in Sources */ = {isa = PBXBuildFile; fileRef = 725B78E829AA3FA50028942F /* Matches.swift */; };
		725B78EC29AA430E0028942F /* NetworkManager.swift in Sources */ = {isa = PBXBuildFile; fileRef = 725B78EB29AA430E0028942F /* NetworkManager.swift */; };
		725B78EE29AA44890028942F /* CSTVError.swift in Sources */ = {isa = PBXBuildFile; fileRef = 725B78ED29AA44890028942F /* CSTVError.swift */; };
		725B78F329AA821F0028942F /* Date+Ext.swift in Sources */ = {isa = PBXBuildFile; fileRef = 725B78F229AA821F0028942F /* Date+Ext.swift */; };
		725B793529AA93A50028942F /* String+Ext.swift in Sources */ = {isa = PBXBuildFile; fileRef = 725B793429AA93A50028942F /* String+Ext.swift */; };
		725B793729AAA0970028942F /* UIImageView+Ext.swift in Sources */ = {isa = PBXBuildFile; fileRef = 725B793629AAA0970028942F /* UIImageView+Ext.swift */; };
		725B793B29ABC3100028942F /* Teams.swift in Sources */ = {isa = PBXBuildFile; fileRef = 725B793A29ABC3100028942F /* Teams.swift */; };
		72CD64BA29A9B42E00E2034F /* AppDelegate.swift in Sources */ = {isa = PBXBuildFile; fileRef = 72CD64B929A9B42E00E2034F /* AppDelegate.swift */; };
		72CD64BC29A9B42E00E2034F /* SceneDelegate.swift in Sources */ = {isa = PBXBuildFile; fileRef = 72CD64BB29A9B42E00E2034F /* SceneDelegate.swift */; };
		72CD64C329A9B42E00E2034F /* Assets.xcassets in Resources */ = {isa = PBXBuildFile; fileRef = 72CD64C229A9B42E00E2034F /* Assets.xcassets */; };
		72CD64C629A9B42E00E2034F /* LaunchScreen.storyboard in Resources */ = {isa = PBXBuildFile; fileRef = 72CD64C429A9B42E00E2034F /* LaunchScreen.storyboard */; };
		72CD64D129A9B42F00E2034F /* CSTVTests.swift in Sources */ = {isa = PBXBuildFile; fileRef = 72CD64D029A9B42F00E2034F /* CSTVTests.swift */; };
		72CD64DB29A9B42F00E2034F /* CSTVUITests.swift in Sources */ = {isa = PBXBuildFile; fileRef = 72CD64DA29A9B42F00E2034F /* CSTVUITests.swift */; };
		72CD64DD29A9B42F00E2034F /* CSTVUITestsLaunchTests.swift in Sources */ = {isa = PBXBuildFile; fileRef = 72CD64DC29A9B42F00E2034F /* CSTVUITestsLaunchTests.swift */; };
		72CD64EF29A9BA7F00E2034F /* UIView+Ext.swift in Sources */ = {isa = PBXBuildFile; fileRef = 72CD64EE29A9BA7F00E2034F /* UIView+Ext.swift */; };
		72CD64F229A9BAEE00E2034F /* UITableView+Ext.swift in Sources */ = {isa = PBXBuildFile; fileRef = 72CD64F129A9BAEE00E2034F /* UITableView+Ext.swift */; };
		72CD64F429A9BBA500E2034F /* CSTVColors.swift in Sources */ = {isa = PBXBuildFile; fileRef = 72CD64F329A9BBA500E2034F /* CSTVColors.swift */; };
		72CD64F629A9BBAE00E2034F /* CSTVImages.swift in Sources */ = {isa = PBXBuildFile; fileRef = 72CD64F529A9BBAE00E2034F /* CSTVImages.swift */; };
/* End PBXBuildFile section */

/* Begin PBXContainerItemProxy section */
		72CD64CD29A9B42F00E2034F /* PBXContainerItemProxy */ = {
			isa = PBXContainerItemProxy;
			containerPortal = 72CD64AE29A9B42E00E2034F /* Project object */;
			proxyType = 1;
			remoteGlobalIDString = 72CD64B529A9B42E00E2034F;
			remoteInfo = CSTV;
		};
		72CD64D729A9B42F00E2034F /* PBXContainerItemProxy */ = {
			isa = PBXContainerItemProxy;
			containerPortal = 72CD64AE29A9B42E00E2034F /* Project object */;
			proxyType = 1;
			remoteGlobalIDString = 72CD64B529A9B42E00E2034F;
			remoteInfo = CSTV;
		};
/* End PBXContainerItemProxy section */

/* Begin PBXFileReference section */
		725B78C629A9BEB20028942F /* CSTVDataLoadingViewController.swift */ = {isa = PBXFileReference; fileEncoding = 4; lastKnownFileType = sourcecode.swift; path = CSTVDataLoadingViewController.swift; sourceTree = "<group>"; };
		725B78C829A9BECE0028942F /* MatchScheduleView.swift */ = {isa = PBXFileReference; fileEncoding = 4; lastKnownFileType = sourcecode.swift; path = MatchScheduleView.swift; sourceTree = "<group>"; };
		725B78C929A9BECE0028942F /* OpposingTeamsView.swift */ = {isa = PBXFileReference; fileEncoding = 4; lastKnownFileType = sourcecode.swift; path = OpposingTeamsView.swift; sourceTree = "<group>"; };
		725B78CA29A9BECE0028942F /* CSTVEmptyStateView.swift */ = {isa = PBXFileReference; fileEncoding = 4; lastKnownFileType = sourcecode.swift; path = CSTVEmptyStateView.swift; sourceTree = "<group>"; };
		725B78CE29A9BEF50028942F /* CSTVBackButton.swift */ = {isa = PBXFileReference; fileEncoding = 4; lastKnownFileType = sourcecode.swift; path = CSTVBackButton.swift; sourceTree = "<group>"; };
		725B78D329A9BFEA0028942F /* SplashViewController.swift */ = {isa = PBXFileReference; fileEncoding = 4; lastKnownFileType = sourcecode.swift; path = SplashViewController.swift; sourceTree = "<group>"; };
		725B78D529A9C00D0028942F /* MainScreenViewController.swift */ = {isa = PBXFileReference; fileEncoding = 4; lastKnownFileType = sourcecode.swift; path = MainScreenViewController.swift; sourceTree = "<group>"; };
		725B78DA29A9C05C0028942F /* MatchesCell.swift */ = {isa = PBXFileReference; fileEncoding = 4; lastKnownFileType = sourcecode.swift; path = MatchesCell.swift; sourceTree = "<group>"; };
		725B78DB29A9C05C0028942F /* MatchesView.swift */ = {isa = PBXFileReference; fileEncoding = 4; lastKnownFileType = sourcecode.swift; path = MatchesView.swift; sourceTree = "<group>"; };
		725B78DE29A9C0A40028942F /* MatchDetailViewController.swift */ = {isa = PBXFileReference; fileEncoding = 4; lastKnownFileType = sourcecode.swift; path = MatchDetailViewController.swift; sourceTree = "<group>"; };
		725B78E129A9C0D50028942F /* FirstTeamLineUpView.swift */ = {isa = PBXFileReference; fileEncoding = 4; lastKnownFileType = sourcecode.swift; path = FirstTeamLineUpView.swift; sourceTree = "<group>"; };
		725B78E229A9C0D50028942F /* SecondTeamLineUpView.swift */ = {isa = PBXFileReference; fileEncoding = 4; lastKnownFileType = sourcecode.swift; path = SecondTeamLineUpView.swift; sourceTree = "<group>"; };
		725B78E329A9C0D50028942F /* TeamLineUpCell.swift */ = {isa = PBXFileReference; fileEncoding = 4; lastKnownFileType = sourcecode.swift; path = TeamLineUpCell.swift; sourceTree = "<group>"; };
		725B78E829AA3FA50028942F /* Matches.swift */ = {isa = PBXFileReference; lastKnownFileType = sourcecode.swift; path = Matches.swift; sourceTree = "<group>"; };
		725B78EB29AA430E0028942F /* NetworkManager.swift */ = {isa = PBXFileReference; lastKnownFileType = sourcecode.swift; path = NetworkManager.swift; sourceTree = "<group>"; };
		725B78ED29AA44890028942F /* CSTVError.swift */ = {isa = PBXFileReference; lastKnownFileType = sourcecode.swift; path = CSTVError.swift; sourceTree = "<group>"; };
		725B78F229AA821F0028942F /* Date+Ext.swift */ = {isa = PBXFileReference; lastKnownFileType = sourcecode.swift; path = "Date+Ext.swift"; sourceTree = "<group>"; };
		725B793429AA93A50028942F /* String+Ext.swift */ = {isa = PBXFileReference; fileEncoding = 4; lastKnownFileType = sourcecode.swift; path = "String+Ext.swift"; sourceTree = "<group>"; };
		725B793629AAA0970028942F /* UIImageView+Ext.swift */ = {isa = PBXFileReference; lastKnownFileType = sourcecode.swift; path = "UIImageView+Ext.swift"; sourceTree = "<group>"; };
		725B793A29ABC3100028942F /* Teams.swift */ = {isa = PBXFileReference; lastKnownFileType = sourcecode.swift; path = Teams.swift; sourceTree = "<group>"; };
		72CD64B629A9B42E00E2034F /* CSTV.app */ = {isa = PBXFileReference; explicitFileType = wrapper.application; includeInIndex = 0; path = CSTV.app; sourceTree = BUILT_PRODUCTS_DIR; };
		72CD64B929A9B42E00E2034F /* AppDelegate.swift */ = {isa = PBXFileReference; lastKnownFileType = sourcecode.swift; path = AppDelegate.swift; sourceTree = "<group>"; };
		72CD64BB29A9B42E00E2034F /* SceneDelegate.swift */ = {isa = PBXFileReference; lastKnownFileType = sourcecode.swift; path = SceneDelegate.swift; sourceTree = "<group>"; };
		72CD64C229A9B42E00E2034F /* Assets.xcassets */ = {isa = PBXFileReference; lastKnownFileType = folder.assetcatalog; path = Assets.xcassets; sourceTree = "<group>"; };
		72CD64C529A9B42E00E2034F /* Base */ = {isa = PBXFileReference; lastKnownFileType = file.storyboard; name = Base; path = Base.lproj/LaunchScreen.storyboard; sourceTree = "<group>"; };
		72CD64C729A9B42E00E2034F /* Info.plist */ = {isa = PBXFileReference; lastKnownFileType = text.plist.xml; path = Info.plist; sourceTree = "<group>"; };
		72CD64CC29A9B42F00E2034F /* CSTVTests.xctest */ = {isa = PBXFileReference; explicitFileType = wrapper.cfbundle; includeInIndex = 0; path = CSTVTests.xctest; sourceTree = BUILT_PRODUCTS_DIR; };
		72CD64D029A9B42F00E2034F /* CSTVTests.swift */ = {isa = PBXFileReference; lastKnownFileType = sourcecode.swift; path = CSTVTests.swift; sourceTree = "<group>"; };
		72CD64D629A9B42F00E2034F /* CSTVUITests.xctest */ = {isa = PBXFileReference; explicitFileType = wrapper.cfbundle; includeInIndex = 0; path = CSTVUITests.xctest; sourceTree = BUILT_PRODUCTS_DIR; };
		72CD64DA29A9B42F00E2034F /* CSTVUITests.swift */ = {isa = PBXFileReference; lastKnownFileType = sourcecode.swift; path = CSTVUITests.swift; sourceTree = "<group>"; };
		72CD64DC29A9B42F00E2034F /* CSTVUITestsLaunchTests.swift */ = {isa = PBXFileReference; lastKnownFileType = sourcecode.swift; path = CSTVUITestsLaunchTests.swift; sourceTree = "<group>"; };
		72CD64EE29A9BA7F00E2034F /* UIView+Ext.swift */ = {isa = PBXFileReference; lastKnownFileType = sourcecode.swift; path = "UIView+Ext.swift"; sourceTree = "<group>"; };
		72CD64F129A9BAEE00E2034F /* UITableView+Ext.swift */ = {isa = PBXFileReference; lastKnownFileType = sourcecode.swift; path = "UITableView+Ext.swift"; sourceTree = "<group>"; };
		72CD64F329A9BBA500E2034F /* CSTVColors.swift */ = {isa = PBXFileReference; fileEncoding = 4; lastKnownFileType = sourcecode.swift; path = CSTVColors.swift; sourceTree = "<group>"; };
		72CD64F529A9BBAE00E2034F /* CSTVImages.swift */ = {isa = PBXFileReference; fileEncoding = 4; lastKnownFileType = sourcecode.swift; path = CSTVImages.swift; sourceTree = "<group>"; };
/* End PBXFileReference section */

/* Begin PBXFrameworksBuildPhase section */
		72CD64B329A9B42E00E2034F /* Frameworks */ = {
			isa = PBXFrameworksBuildPhase;
			buildActionMask = 2147483647;
			files = (
			);
			runOnlyForDeploymentPostprocessing = 0;
		};
		72CD64C929A9B42F00E2034F /* Frameworks */ = {
			isa = PBXFrameworksBuildPhase;
			buildActionMask = 2147483647;
			files = (
			);
			runOnlyForDeploymentPostprocessing = 0;
		};
		72CD64D329A9B42F00E2034F /* Frameworks */ = {
			isa = PBXFrameworksBuildPhase;
			buildActionMask = 2147483647;
			files = (
			);
			runOnlyForDeploymentPostprocessing = 0;
		};
/* End PBXFrameworksBuildPhase section */

/* Begin PBXGroup section */
		725B78C229A9BE4C0028942F /* Custom Views */ = {
			isa = PBXGroup;
			children = (
				725B78C329A9BE840028942F /* ViewControllers */,
				725B78C429A9BE970028942F /* Buttons */,
				725B78C529A9BE9B0028942F /* Views */,
			);
			path = "Custom Views";
			sourceTree = "<group>";
		};
		725B78C329A9BE840028942F /* ViewControllers */ = {
			isa = PBXGroup;
			children = (
				725B78C629A9BEB20028942F /* CSTVDataLoadingViewController.swift */,
			);
			path = ViewControllers;
			sourceTree = "<group>";
		};
		725B78C429A9BE970028942F /* Buttons */ = {
			isa = PBXGroup;
			children = (
				725B78CE29A9BEF50028942F /* CSTVBackButton.swift */,
			);
			path = Buttons;
			sourceTree = "<group>";
		};
		725B78C529A9BE9B0028942F /* Views */ = {
			isa = PBXGroup;
			children = (
				725B78CA29A9BECE0028942F /* CSTVEmptyStateView.swift */,
				725B78C829A9BECE0028942F /* MatchScheduleView.swift */,
				725B78C929A9BECE0028942F /* OpposingTeamsView.swift */,
			);
			path = Views;
			sourceTree = "<group>";
		};
		725B78D029A9BFA40028942F /* Match Detail Screen */ = {
			isa = PBXGroup;
			children = (
				725B78E029A9C0CC0028942F /* Cell */,
				725B78DE29A9C0A40028942F /* MatchDetailViewController.swift */,
			);
			path = "Match Detail Screen";
			sourceTree = "<group>";
		};
		725B78D129A9BFA60028942F /* Main Screen */ = {
			isa = PBXGroup;
			children = (
				725B78D929A9C04D0028942F /* Cell */,
				725B78D529A9C00D0028942F /* MainScreenViewController.swift */,
			);
			path = "Main Screen";
			sourceTree = "<group>";
		};
		725B78D229A9BFA80028942F /* Splash Screen */ = {
			isa = PBXGroup;
			children = (
				725B78D329A9BFEA0028942F /* SplashViewController.swift */,
			);
			path = "Splash Screen";
			sourceTree = "<group>";
		};
		725B78D929A9C04D0028942F /* Cell */ = {
			isa = PBXGroup;
			children = (
				725B78DA29A9C05C0028942F /* MatchesCell.swift */,
				725B78DB29A9C05C0028942F /* MatchesView.swift */,
			);
			path = Cell;
			sourceTree = "<group>";
		};
		725B78E029A9C0CC0028942F /* Cell */ = {
			isa = PBXGroup;
			children = (
				725B78E129A9C0D50028942F /* FirstTeamLineUpView.swift */,
				725B78E229A9C0D50028942F /* SecondTeamLineUpView.swift */,
				725B78E329A9C0D50028942F /* TeamLineUpCell.swift */,
			);
			path = Cell;
			sourceTree = "<group>";
		};
		725B78E729AA3F700028942F /* Models */ = {
			isa = PBXGroup;
			children = (
				725B78E829AA3FA50028942F /* Matches.swift */,
				725B793A29ABC3100028942F /* Teams.swift */,
			);
			path = Models;
			sourceTree = "<group>";
		};
		725B78EA29AA42F50028942F /* Networking */ = {
			isa = PBXGroup;
			children = (
				725B78EB29AA430E0028942F /* NetworkManager.swift */,
			);
			path = Networking;
			sourceTree = "<group>";
		};
		72CD64AD29A9B42E00E2034F = {
			isa = PBXGroup;
			children = (
				72CD64B829A9B42E00E2034F /* CSTV */,
				72CD64CF29A9B42F00E2034F /* CSTVTests */,
				72CD64D929A9B42F00E2034F /* CSTVUITests */,
				72CD64B729A9B42E00E2034F /* Products */,
			);
			sourceTree = "<group>";
		};
		72CD64B729A9B42E00E2034F /* Products */ = {
			isa = PBXGroup;
			children = (
				72CD64B629A9B42E00E2034F /* CSTV.app */,
				72CD64CC29A9B42F00E2034F /* CSTVTests.xctest */,
				72CD64D629A9B42F00E2034F /* CSTVUITests.xctest */,
			);
			name = Products;
			sourceTree = "<group>";
		};
		72CD64B829A9B42E00E2034F /* CSTV */ = {
			isa = PBXGroup;
			children = (
				72CD64ED29A9BA0200E2034F /* Extensions */,
				72CD64EC29A9BA0000E2034F /* Utilities */,
				725B78EA29AA42F50028942F /* Networking */,
				725B78E729AA3F700028942F /* Models */,
				725B78C229A9BE4C0028942F /* Custom Views */,
				72CD64EA29A9B84E00E2034F /* Screens */,
				72CD64E929A9B84600E2034F /* Supporting Files */,
				72CD64C729A9B42E00E2034F /* Info.plist */,
			);
			path = CSTV;
			sourceTree = "<group>";
		};
		72CD64CF29A9B42F00E2034F /* CSTVTests */ = {
			isa = PBXGroup;
			children = (
				72CD64D029A9B42F00E2034F /* CSTVTests.swift */,
			);
			path = CSTVTests;
			sourceTree = "<group>";
		};
		72CD64D929A9B42F00E2034F /* CSTVUITests */ = {
			isa = PBXGroup;
			children = (
				72CD64DA29A9B42F00E2034F /* CSTVUITests.swift */,
				72CD64DC29A9B42F00E2034F /* CSTVUITestsLaunchTests.swift */,
			);
			path = CSTVUITests;
			sourceTree = "<group>";
		};
		72CD64E929A9B84600E2034F /* Supporting Files */ = {
			isa = PBXGroup;
			children = (
				72CD64B929A9B42E00E2034F /* AppDelegate.swift */,
				72CD64BB29A9B42E00E2034F /* SceneDelegate.swift */,
				72CD64C229A9B42E00E2034F /* Assets.xcassets */,
				72CD64C429A9B42E00E2034F /* LaunchScreen.storyboard */,
			);
			path = "Supporting Files";
			sourceTree = "<group>";
		};
		72CD64EA29A9B84E00E2034F /* Screens */ = {
			isa = PBXGroup;
			children = (
				725B78D229A9BFA80028942F /* Splash Screen */,
				725B78D129A9BFA60028942F /* Main Screen */,
				725B78D029A9BFA40028942F /* Match Detail Screen */,
			);
			path = Screens;
			sourceTree = "<group>";
		};
		72CD64EC29A9BA0000E2034F /* Utilities */ = {
			isa = PBXGroup;
			children = (
				72CD64F329A9BBA500E2034F /* CSTVColors.swift */,
				72CD64F529A9BBAE00E2034F /* CSTVImages.swift */,
				725B78ED29AA44890028942F /* CSTVError.swift */,
			);
			path = Utilities;
			sourceTree = "<group>";
		};
		72CD64ED29A9BA0200E2034F /* Extensions */ = {
			isa = PBXGroup;
			children = (
				72CD64EE29A9BA7F00E2034F /* UIView+Ext.swift */,
				72CD64F129A9BAEE00E2034F /* UITableView+Ext.swift */,
				725B78F229AA821F0028942F /* Date+Ext.swift */,
				725B793429AA93A50028942F /* String+Ext.swift */,
				725B793629AAA0970028942F /* UIImageView+Ext.swift */,
			);
			path = Extensions;
			sourceTree = "<group>";
		};
/* End PBXGroup section */

/* Begin PBXNativeTarget section */
		72CD64B529A9B42E00E2034F /* CSTV */ = {
			isa = PBXNativeTarget;
			buildConfigurationList = 72CD64E029A9B42F00E2034F /* Build configuration list for PBXNativeTarget "CSTV" */;
			buildPhases = (
				72CD64B229A9B42E00E2034F /* Sources */,
				72CD64B329A9B42E00E2034F /* Frameworks */,
				72CD64B429A9B42E00E2034F /* Resources */,
			);
			buildRules = (
			);
			dependencies = (
			);
			name = CSTV;
			productName = CSTV;
			productReference = 72CD64B629A9B42E00E2034F /* CSTV.app */;
			productType = "com.apple.product-type.application";
		};
		72CD64CB29A9B42F00E2034F /* CSTVTests */ = {
			isa = PBXNativeTarget;
			buildConfigurationList = 72CD64E329A9B42F00E2034F /* Build configuration list for PBXNativeTarget "CSTVTests" */;
			buildPhases = (
				72CD64C829A9B42F00E2034F /* Sources */,
				72CD64C929A9B42F00E2034F /* Frameworks */,
				72CD64CA29A9B42F00E2034F /* Resources */,
			);
			buildRules = (
			);
			dependencies = (
				72CD64CE29A9B42F00E2034F /* PBXTargetDependency */,
			);
			name = CSTVTests;
			productName = CSTVTests;
			productReference = 72CD64CC29A9B42F00E2034F /* CSTVTests.xctest */;
			productType = "com.apple.product-type.bundle.unit-test";
		};
		72CD64D529A9B42F00E2034F /* CSTVUITests */ = {
			isa = PBXNativeTarget;
			buildConfigurationList = 72CD64E629A9B42F00E2034F /* Build configuration list for PBXNativeTarget "CSTVUITests" */;
			buildPhases = (
				72CD64D229A9B42F00E2034F /* Sources */,
				72CD64D329A9B42F00E2034F /* Frameworks */,
				72CD64D429A9B42F00E2034F /* Resources */,
			);
			buildRules = (
			);
			dependencies = (
				72CD64D829A9B42F00E2034F /* PBXTargetDependency */,
			);
			name = CSTVUITests;
			productName = CSTVUITests;
			productReference = 72CD64D629A9B42F00E2034F /* CSTVUITests.xctest */;
			productType = "com.apple.product-type.bundle.ui-testing";
		};
/* End PBXNativeTarget section */

/* Begin PBXProject section */
		72CD64AE29A9B42E00E2034F /* Project object */ = {
			isa = PBXProject;
			attributes = {
				BuildIndependentTargetsInParallel = 1;
				LastSwiftUpdateCheck = 1420;
				LastUpgradeCheck = 1420;
				TargetAttributes = {
					72CD64B529A9B42E00E2034F = {
						CreatedOnToolsVersion = 14.2;
					};
					72CD64CB29A9B42F00E2034F = {
						CreatedOnToolsVersion = 14.2;
						TestTargetID = 72CD64B529A9B42E00E2034F;
					};
					72CD64D529A9B42F00E2034F = {
						CreatedOnToolsVersion = 14.2;
						TestTargetID = 72CD64B529A9B42E00E2034F;
					};
				};
			};
			buildConfigurationList = 72CD64B129A9B42E00E2034F /* Build configuration list for PBXProject "CSTV" */;
			compatibilityVersion = "Xcode 14.0";
			developmentRegion = en;
			hasScannedForEncodings = 0;
			knownRegions = (
				en,
				Base,
			);
			mainGroup = 72CD64AD29A9B42E00E2034F;
			productRefGroup = 72CD64B729A9B42E00E2034F /* Products */;
			projectDirPath = "";
			projectRoot = "";
			targets = (
				72CD64B529A9B42E00E2034F /* CSTV */,
				72CD64CB29A9B42F00E2034F /* CSTVTests */,
				72CD64D529A9B42F00E2034F /* CSTVUITests */,
			);
		};
/* End PBXProject section */

/* Begin PBXResourcesBuildPhase section */
		72CD64B429A9B42E00E2034F /* Resources */ = {
			isa = PBXResourcesBuildPhase;
			buildActionMask = 2147483647;
			files = (
				72CD64C629A9B42E00E2034F /* LaunchScreen.storyboard in Resources */,
				72CD64C329A9B42E00E2034F /* Assets.xcassets in Resources */,
			);
			runOnlyForDeploymentPostprocessing = 0;
		};
		72CD64CA29A9B42F00E2034F /* Resources */ = {
			isa = PBXResourcesBuildPhase;
			buildActionMask = 2147483647;
			files = (
			);
			runOnlyForDeploymentPostprocessing = 0;
		};
		72CD64D429A9B42F00E2034F /* Resources */ = {
			isa = PBXResourcesBuildPhase;
			buildActionMask = 2147483647;
			files = (
			);
			runOnlyForDeploymentPostprocessing = 0;
		};
/* End PBXResourcesBuildPhase section */

/* Begin PBXSourcesBuildPhase section */
		72CD64B229A9B42E00E2034F /* Sources */ = {
			isa = PBXSourcesBuildPhase;
			buildActionMask = 2147483647;
			files = (
				725B78EE29AA44890028942F /* CSTVError.swift in Sources */,
				725B78E529A9C0D50028942F /* SecondTeamLineUpView.swift in Sources */,
				72CD64EF29A9BA7F00E2034F /* UIView+Ext.swift in Sources */,
				725B78F329AA821F0028942F /* Date+Ext.swift in Sources */,
				725B78DD29A9C05C0028942F /* MatchesView.swift in Sources */,
				725B78EC29AA430E0028942F /* NetworkManager.swift in Sources */,
				725B78D629A9C00D0028942F /* MainScreenViewController.swift in Sources */,
				72CD64F429A9BBA500E2034F /* CSTVColors.swift in Sources */,
				725B793729AAA0970028942F /* UIImageView+Ext.swift in Sources */,
				72CD64F629A9BBAE00E2034F /* CSTVImages.swift in Sources */,
				725B78D429A9BFEA0028942F /* SplashViewController.swift in Sources */,
				725B78CD29A9BECE0028942F /* CSTVEmptyStateView.swift in Sources */,
				725B78E629A9C0D50028942F /* TeamLineUpCell.swift in Sources */,
				72CD64F229A9BAEE00E2034F /* UITableView+Ext.swift in Sources */,
				725B78DC29A9C05C0028942F /* MatchesCell.swift in Sources */,
				725B78DF29A9C0A40028942F /* MatchDetailViewController.swift in Sources */,
				725B78C729A9BEB20028942F /* CSTVDataLoadingViewController.swift in Sources */,
				725B78E929AA3FA50028942F /* Matches.swift in Sources */,
				725B793529AA93A50028942F /* String+Ext.swift in Sources */,
				725B78CB29A9BECE0028942F /* MatchScheduleView.swift in Sources */,
				725B793B29ABC3100028942F /* Teams.swift in Sources */,
				725B78CF29A9BEF50028942F /* CSTVBackButton.swift in Sources */,
				72CD64BA29A9B42E00E2034F /* AppDelegate.swift in Sources */,
				725B78CC29A9BECE0028942F /* OpposingTeamsView.swift in Sources */,
				72CD64BC29A9B42E00E2034F /* SceneDelegate.swift in Sources */,
				725B78E429A9C0D50028942F /* FirstTeamLineUpView.swift in Sources */,
			);
			runOnlyForDeploymentPostprocessing = 0;
		};
		72CD64C829A9B42F00E2034F /* Sources */ = {
			isa = PBXSourcesBuildPhase;
			buildActionMask = 2147483647;
			files = (
				72CD64D129A9B42F00E2034F /* CSTVTests.swift in Sources */,
			);
			runOnlyForDeploymentPostprocessing = 0;
		};
		72CD64D229A9B42F00E2034F /* Sources */ = {
			isa = PBXSourcesBuildPhase;
			buildActionMask = 2147483647;
			files = (
				72CD64DD29A9B42F00E2034F /* CSTVUITestsLaunchTests.swift in Sources */,
				72CD64DB29A9B42F00E2034F /* CSTVUITests.swift in Sources */,
			);
			runOnlyForDeploymentPostprocessing = 0;
		};
/* End PBXSourcesBuildPhase section */

/* Begin PBXTargetDependency section */
		72CD64CE29A9B42F00E2034F /* PBXTargetDependency */ = {
			isa = PBXTargetDependency;
			target = 72CD64B529A9B42E00E2034F /* CSTV */;
			targetProxy = 72CD64CD29A9B42F00E2034F /* PBXContainerItemProxy */;
		};
		72CD64D829A9B42F00E2034F /* PBXTargetDependency */ = {
			isa = PBXTargetDependency;
			target = 72CD64B529A9B42E00E2034F /* CSTV */;
			targetProxy = 72CD64D729A9B42F00E2034F /* PBXContainerItemProxy */;
		};
/* End PBXTargetDependency section */

/* Begin PBXVariantGroup section */
		72CD64C429A9B42E00E2034F /* LaunchScreen.storyboard */ = {
			isa = PBXVariantGroup;
			children = (
				72CD64C529A9B42E00E2034F /* Base */,
			);
			name = LaunchScreen.storyboard;
			sourceTree = "<group>";
		};
/* End PBXVariantGroup section */

/* Begin XCBuildConfiguration section */
		72CD64DE29A9B42F00E2034F /* Debug */ = {
			isa = XCBuildConfiguration;
			buildSettings = {
				ALWAYS_SEARCH_USER_PATHS = NO;
				CLANG_ANALYZER_NONNULL = YES;
				CLANG_ANALYZER_NUMBER_OBJECT_CONVERSION = YES_AGGRESSIVE;
				CLANG_CXX_LANGUAGE_STANDARD = "gnu++20";
				CLANG_ENABLE_MODULES = YES;
				CLANG_ENABLE_OBJC_ARC = YES;
				CLANG_ENABLE_OBJC_WEAK = YES;
				CLANG_WARN_BLOCK_CAPTURE_AUTORELEASING = YES;
				CLANG_WARN_BOOL_CONVERSION = YES;
				CLANG_WARN_COMMA = YES;
				CLANG_WARN_CONSTANT_CONVERSION = YES;
				CLANG_WARN_DEPRECATED_OBJC_IMPLEMENTATIONS = YES;
				CLANG_WARN_DIRECT_OBJC_ISA_USAGE = YES_ERROR;
				CLANG_WARN_DOCUMENTATION_COMMENTS = YES;
				CLANG_WARN_EMPTY_BODY = YES;
				CLANG_WARN_ENUM_CONVERSION = YES;
				CLANG_WARN_INFINITE_RECURSION = YES;
				CLANG_WARN_INT_CONVERSION = YES;
				CLANG_WARN_NON_LITERAL_NULL_CONVERSION = YES;
				CLANG_WARN_OBJC_IMPLICIT_RETAIN_SELF = YES;
				CLANG_WARN_OBJC_LITERAL_CONVERSION = YES;
				CLANG_WARN_OBJC_ROOT_CLASS = YES_ERROR;
				CLANG_WARN_QUOTED_INCLUDE_IN_FRAMEWORK_HEADER = YES;
				CLANG_WARN_RANGE_LOOP_ANALYSIS = YES;
				CLANG_WARN_STRICT_PROTOTYPES = YES;
				CLANG_WARN_SUSPICIOUS_MOVE = YES;
				CLANG_WARN_UNGUARDED_AVAILABILITY = YES_AGGRESSIVE;
				CLANG_WARN_UNREACHABLE_CODE = YES;
				CLANG_WARN__DUPLICATE_METHOD_MATCH = YES;
				COPY_PHASE_STRIP = NO;
				DEBUG_INFORMATION_FORMAT = dwarf;
				ENABLE_STRICT_OBJC_MSGSEND = YES;
				ENABLE_TESTABILITY = YES;
				GCC_C_LANGUAGE_STANDARD = gnu11;
				GCC_DYNAMIC_NO_PIC = NO;
				GCC_NO_COMMON_BLOCKS = YES;
				GCC_OPTIMIZATION_LEVEL = 0;
				GCC_PREPROCESSOR_DEFINITIONS = (
					"DEBUG=1",
					"$(inherited)",
				);
				GCC_WARN_64_TO_32_BIT_CONVERSION = YES;
				GCC_WARN_ABOUT_RETURN_TYPE = YES_ERROR;
				GCC_WARN_UNDECLARED_SELECTOR = YES;
				GCC_WARN_UNINITIALIZED_AUTOS = YES_AGGRESSIVE;
				GCC_WARN_UNUSED_FUNCTION = YES;
				GCC_WARN_UNUSED_VARIABLE = YES;
				IPHONEOS_DEPLOYMENT_TARGET = 16.2;
				MTL_ENABLE_DEBUG_INFO = INCLUDE_SOURCE;
				MTL_FAST_MATH = YES;
				ONLY_ACTIVE_ARCH = YES;
				SDKROOT = iphoneos;
				SWIFT_ACTIVE_COMPILATION_CONDITIONS = DEBUG;
				SWIFT_OPTIMIZATION_LEVEL = "-Onone";
			};
			name = Debug;
		};
		72CD64DF29A9B42F00E2034F /* Release */ = {
			isa = XCBuildConfiguration;
			buildSettings = {
				ALWAYS_SEARCH_USER_PATHS = NO;
				CLANG_ANALYZER_NONNULL = YES;
				CLANG_ANALYZER_NUMBER_OBJECT_CONVERSION = YES_AGGRESSIVE;
				CLANG_CXX_LANGUAGE_STANDARD = "gnu++20";
				CLANG_ENABLE_MODULES = YES;
				CLANG_ENABLE_OBJC_ARC = YES;
				CLANG_ENABLE_OBJC_WEAK = YES;
				CLANG_WARN_BLOCK_CAPTURE_AUTORELEASING = YES;
				CLANG_WARN_BOOL_CONVERSION = YES;
				CLANG_WARN_COMMA = YES;
				CLANG_WARN_CONSTANT_CONVERSION = YES;
				CLANG_WARN_DEPRECATED_OBJC_IMPLEMENTATIONS = YES;
				CLANG_WARN_DIRECT_OBJC_ISA_USAGE = YES_ERROR;
				CLANG_WARN_DOCUMENTATION_COMMENTS = YES;
				CLANG_WARN_EMPTY_BODY = YES;
				CLANG_WARN_ENUM_CONVERSION = YES;
				CLANG_WARN_INFINITE_RECURSION = YES;
				CLANG_WARN_INT_CONVERSION = YES;
				CLANG_WARN_NON_LITERAL_NULL_CONVERSION = YES;
				CLANG_WARN_OBJC_IMPLICIT_RETAIN_SELF = YES;
				CLANG_WARN_OBJC_LITERAL_CONVERSION = YES;
				CLANG_WARN_OBJC_ROOT_CLASS = YES_ERROR;
				CLANG_WARN_QUOTED_INCLUDE_IN_FRAMEWORK_HEADER = YES;
				CLANG_WARN_RANGE_LOOP_ANALYSIS = YES;
				CLANG_WARN_STRICT_PROTOTYPES = YES;
				CLANG_WARN_SUSPICIOUS_MOVE = YES;
				CLANG_WARN_UNGUARDED_AVAILABILITY = YES_AGGRESSIVE;
				CLANG_WARN_UNREACHABLE_CODE = YES;
				CLANG_WARN__DUPLICATE_METHOD_MATCH = YES;
				COPY_PHASE_STRIP = NO;
				DEBUG_INFORMATION_FORMAT = "dwarf-with-dsym";
				ENABLE_NS_ASSERTIONS = NO;
				ENABLE_STRICT_OBJC_MSGSEND = YES;
				GCC_C_LANGUAGE_STANDARD = gnu11;
				GCC_NO_COMMON_BLOCKS = YES;
				GCC_WARN_64_TO_32_BIT_CONVERSION = YES;
				GCC_WARN_ABOUT_RETURN_TYPE = YES_ERROR;
				GCC_WARN_UNDECLARED_SELECTOR = YES;
				GCC_WARN_UNINITIALIZED_AUTOS = YES_AGGRESSIVE;
				GCC_WARN_UNUSED_FUNCTION = YES;
				GCC_WARN_UNUSED_VARIABLE = YES;
				IPHONEOS_DEPLOYMENT_TARGET = 16.2;
				MTL_ENABLE_DEBUG_INFO = NO;
				MTL_FAST_MATH = YES;
				SDKROOT = iphoneos;
				SWIFT_COMPILATION_MODE = wholemodule;
				SWIFT_OPTIMIZATION_LEVEL = "-O";
				VALIDATE_PRODUCT = YES;
			};
			name = Release;
		};
		72CD64E129A9B42F00E2034F /* Debug */ = {
			isa = XCBuildConfiguration;
			buildSettings = {
				ASSETCATALOG_COMPILER_APPICON_NAME = AppIcon;
				ASSETCATALOG_COMPILER_GLOBAL_ACCENT_COLOR_NAME = AccentColor;
				CODE_SIGN_STYLE = Automatic;
				CURRENT_PROJECT_VERSION = 1;
				DEVELOPMENT_TEAM = UBXA6XL8QB;
				GENERATE_INFOPLIST_FILE = YES;
				INFOPLIST_FILE = CSTV/Info.plist;
				INFOPLIST_KEY_UIApplicationSupportsIndirectInputEvents = YES;
				INFOPLIST_KEY_UILaunchStoryboardName = LaunchScreen;
				INFOPLIST_KEY_UIMainStoryboardFile = "";
				INFOPLIST_KEY_UISupportedInterfaceOrientations_iPad = "UIInterfaceOrientationPortrait UIInterfaceOrientationPortraitUpsideDown UIInterfaceOrientationLandscapeLeft UIInterfaceOrientationLandscapeRight";
				INFOPLIST_KEY_UISupportedInterfaceOrientations_iPhone = "UIInterfaceOrientationPortrait UIInterfaceOrientationLandscapeLeft UIInterfaceOrientationLandscapeRight";
				IPHONEOS_DEPLOYMENT_TARGET = 16.0;
				LD_RUNPATH_SEARCH_PATHS = (
					"$(inherited)",
					"@executable_path/Frameworks",
				);
				MARKETING_VERSION = 1.0;
				PRODUCT_BUNDLE_IDENTIFIER = com.gustavocavalcanti.CSTV;
				PRODUCT_NAME = "$(TARGET_NAME)";
				SWIFT_EMIT_LOC_STRINGS = YES;
				SWIFT_VERSION = 5.0;
				TARGETED_DEVICE_FAMILY = "1,2";
			};
			name = Debug;
		};
		72CD64E229A9B42F00E2034F /* Release */ = {
			isa = XCBuildConfiguration;
			buildSettings = {
				ASSETCATALOG_COMPILER_APPICON_NAME = AppIcon;
				ASSETCATALOG_COMPILER_GLOBAL_ACCENT_COLOR_NAME = AccentColor;
				CODE_SIGN_STYLE = Automatic;
				CURRENT_PROJECT_VERSION = 1;
				DEVELOPMENT_TEAM = UBXA6XL8QB;
				GENERATE_INFOPLIST_FILE = YES;
				INFOPLIST_FILE = CSTV/Info.plist;
				INFOPLIST_KEY_UIApplicationSupportsIndirectInputEvents = YES;
				INFOPLIST_KEY_UILaunchStoryboardName = LaunchScreen;
				INFOPLIST_KEY_UIMainStoryboardFile = "";
				INFOPLIST_KEY_UISupportedInterfaceOrientations_iPad = "UIInterfaceOrientationPortrait UIInterfaceOrientationPortraitUpsideDown UIInterfaceOrientationLandscapeLeft UIInterfaceOrientationLandscapeRight";
				INFOPLIST_KEY_UISupportedInterfaceOrientations_iPhone = "UIInterfaceOrientationPortrait UIInterfaceOrientationLandscapeLeft UIInterfaceOrientationLandscapeRight";
				IPHONEOS_DEPLOYMENT_TARGET = 16.0;
				LD_RUNPATH_SEARCH_PATHS = (
					"$(inherited)",
					"@executable_path/Frameworks",
				);
				MARKETING_VERSION = 1.0;
				PRODUCT_BUNDLE_IDENTIFIER = com.gustavocavalcanti.CSTV;
				PRODUCT_NAME = "$(TARGET_NAME)";
				SWIFT_EMIT_LOC_STRINGS = YES;
				SWIFT_VERSION = 5.0;
				TARGETED_DEVICE_FAMILY = "1,2";
			};
			name = Release;
		};
		72CD64E429A9B42F00E2034F /* Debug */ = {
			isa = XCBuildConfiguration;
			buildSettings = {
				ALWAYS_EMBED_SWIFT_STANDARD_LIBRARIES = YES;
				BUNDLE_LOADER = "$(TEST_HOST)";
				CODE_SIGN_STYLE = Automatic;
				CURRENT_PROJECT_VERSION = 1;
				DEVELOPMENT_TEAM = UBXA6XL8QB;
				GENERATE_INFOPLIST_FILE = YES;
				IPHONEOS_DEPLOYMENT_TARGET = 16.2;
				MARKETING_VERSION = 1.0;
				PRODUCT_BUNDLE_IDENTIFIER = com.gustavocavalcanti.CSTVTests;
				PRODUCT_NAME = "$(TARGET_NAME)";
				SWIFT_EMIT_LOC_STRINGS = NO;
				SWIFT_VERSION = 5.0;
				TARGETED_DEVICE_FAMILY = "1,2";
				TEST_HOST = "$(BUILT_PRODUCTS_DIR)/CSTV.app/$(BUNDLE_EXECUTABLE_FOLDER_PATH)/CSTV";
			};
			name = Debug;
		};
		72CD64E529A9B42F00E2034F /* Release */ = {
			isa = XCBuildConfiguration;
			buildSettings = {
				ALWAYS_EMBED_SWIFT_STANDARD_LIBRARIES = YES;
				BUNDLE_LOADER = "$(TEST_HOST)";
				CODE_SIGN_STYLE = Automatic;
				CURRENT_PROJECT_VERSION = 1;
				DEVELOPMENT_TEAM = UBXA6XL8QB;
				GENERATE_INFOPLIST_FILE = YES;
				IPHONEOS_DEPLOYMENT_TARGET = 16.2;
				MARKETING_VERSION = 1.0;
				PRODUCT_BUNDLE_IDENTIFIER = com.gustavocavalcanti.CSTVTests;
				PRODUCT_NAME = "$(TARGET_NAME)";
				SWIFT_EMIT_LOC_STRINGS = NO;
				SWIFT_VERSION = 5.0;
				TARGETED_DEVICE_FAMILY = "1,2";
				TEST_HOST = "$(BUILT_PRODUCTS_DIR)/CSTV.app/$(BUNDLE_EXECUTABLE_FOLDER_PATH)/CSTV";
			};
			name = Release;
		};
		72CD64E729A9B42F00E2034F /* Debug */ = {
			isa = XCBuildConfiguration;
			buildSettings = {
				ALWAYS_EMBED_SWIFT_STANDARD_LIBRARIES = YES;
				CODE_SIGN_STYLE = Automatic;
				CURRENT_PROJECT_VERSION = 1;
				DEVELOPMENT_TEAM = UBXA6XL8QB;
				GENERATE_INFOPLIST_FILE = YES;
				MARKETING_VERSION = 1.0;
				PRODUCT_BUNDLE_IDENTIFIER = com.gustavocavalcanti.CSTVUITests;
				PRODUCT_NAME = "$(TARGET_NAME)";
				SWIFT_EMIT_LOC_STRINGS = NO;
				SWIFT_VERSION = 5.0;
				TARGETED_DEVICE_FAMILY = "1,2";
				TEST_TARGET_NAME = CSTV;
			};
			name = Debug;
		};
		72CD64E829A9B42F00E2034F /* Release */ = {
			isa = XCBuildConfiguration;
			buildSettings = {
				ALWAYS_EMBED_SWIFT_STANDARD_LIBRARIES = YES;
				CODE_SIGN_STYLE = Automatic;
				CURRENT_PROJECT_VERSION = 1;
				DEVELOPMENT_TEAM = UBXA6XL8QB;
				GENERATE_INFOPLIST_FILE = YES;
				MARKETING_VERSION = 1.0;
				PRODUCT_BUNDLE_IDENTIFIER = com.gustavocavalcanti.CSTVUITests;
				PRODUCT_NAME = "$(TARGET_NAME)";
				SWIFT_EMIT_LOC_STRINGS = NO;
				SWIFT_VERSION = 5.0;
				TARGETED_DEVICE_FAMILY = "1,2";
				TEST_TARGET_NAME = CSTV;
			};
			name = Release;
		};
/* End XCBuildConfiguration section */

/* Begin XCConfigurationList section */
		72CD64B129A9B42E00E2034F /* Build configuration list for PBXProject "CSTV" */ = {
			isa = XCConfigurationList;
			buildConfigurations = (
				72CD64DE29A9B42F00E2034F /* Debug */,
				72CD64DF29A9B42F00E2034F /* Release */,
			);
			defaultConfigurationIsVisible = 0;
			defaultConfigurationName = Release;
		};
		72CD64E029A9B42F00E2034F /* Build configuration list for PBXNativeTarget "CSTV" */ = {
			isa = XCConfigurationList;
			buildConfigurations = (
				72CD64E129A9B42F00E2034F /* Debug */,
				72CD64E229A9B42F00E2034F /* Release */,
			);
			defaultConfigurationIsVisible = 0;
			defaultConfigurationName = Release;
		};
		72CD64E329A9B42F00E2034F /* Build configuration list for PBXNativeTarget "CSTVTests" */ = {
			isa = XCConfigurationList;
			buildConfigurations = (
				72CD64E429A9B42F00E2034F /* Debug */,
				72CD64E529A9B42F00E2034F /* Release */,
			);
			defaultConfigurationIsVisible = 0;
			defaultConfigurationName = Release;
		};
		72CD64E629A9B42F00E2034F /* Build configuration list for PBXNativeTarget "CSTVUITests" */ = {
			isa = XCConfigurationList;
			buildConfigurations = (
				72CD64E729A9B42F00E2034F /* Debug */,
				72CD64E829A9B42F00E2034F /* Release */,
			);
			defaultConfigurationIsVisible = 0;
			defaultConfigurationName = Release;
		};
/* End XCConfigurationList section */
	};
	rootObject = 72CD64AE29A9B42E00E2034F /* Project object */;
}
